
Microsoft Visual Studio Solution File, Format Version 12.00
# Visual Studio Version 16
VisualStudioVersion = 16.0.31729.503
MinimumVisualStudioVersion = 10.0.40219.1
Project("{FAE04EC0-301F-11D3-BF4B-00C04F79EFBC}") = "HW03_09156242", "HW03_09156242\HW03_09156242.csproj", "{11ACCB7F-AAF4-4E0E-8754-FEAEA5BE14D0}"
EndProject
Global
	GlobalSection(SolutionConfigurationPlatforms) = preSolution
		Debug|Any CPU = Debug|Any CPU
		Release|Any CPU = Release|Any CPU
	EndGlobalSection
	GlobalSection(ProjectConfigurationPlatforms) = postSolution
		{11ACCB7F-AAF4-4E0E-8754-FEAEA5BE14D0}.Debug|Any CPU.ActiveCfg = Debug|Any CPU
		{11ACCB7F-AAF4-4E0E-8754-FEAEA5BE14D0}.Debug|Any CPU.Build.0 = Debug|Any CPU
		{11ACCB7F-AAF4-4E0E-8754-FEAEA5BE14D0}.Release|Any CPU.ActiveCfg = Release|Any CPU
		{11ACCB7F-AAF4-4E0E-8754-FEAEA5BE14D0}.Release|Any CPU.Build.0 = Release|Any CPU
	EndGlobalSection
	GlobalSection(SolutionProperties) = preSolution
		HideSolutionNode = FALSE
	EndGlobalSection
	GlobalSection(ExtensibilityGlobals) = postSolution
		SolutionGuid = {CB309B19-2D29-416A-AE90-23E0F78A7B46}
	EndGlobalSection
EndGlobal
